
Microsoft Visual Studio Solution File, Format Version 12.00
# Visual Studio Version 16
VisualStudioVersion = 25.0.1703.1
MinimumVisualStudioVersion = 10.0.40219.1
Project("{FAE04EC0-301F-11D3-BF4B-00C04F79EFBC}") = "AuroraControls.Maui", "AuroraControlsMaui\AuroraControls.Maui.csproj", "{0D872F55-6D9B-4DF3-89A8-5031456F1E38}"
EndProject
Project("{FAE04EC0-301F-11D3-BF4B-00C04F79EFBC}") = "AuroraControls.TestApp", "AuroraControls.TestApp\AuroraControls.TestApp.csproj", "{B6A2F40F-63BB-4FCD-AEA7-EFB703F1B35B}"
EndProject
Project("{2150E333-8FDC-42A3-9474-1A3956D46DE8}") = "[Solution Files]", "[Solution Files]", "{A8DD4891-4B8D-4C36-99CA-48B557584C23}"
	ProjectSection(SolutionItems) = preProject
		.editorconfig = .editorconfig
		Directory.build.props = Directory.build.props
		README.md = README.md
		stylecop.json = stylecop.json
		.gitattributes = .gitattributes
		.gitignore = .gitignore
		global.json = global.json
	EndProjectSection
EndProject
Project("{2150E333-8FDC-42A3-9474-1A3956D46DE8}") = "Build", "Build", "{9A10F773-6017-4172-876D-44903FC9A5AD}"
	ProjectSection(SolutionItems) = preProject
		.github\workflows\nuget-prod.yml = .github\workflows\nuget-prod.yml
		.github\workflows\nuget-beta.yml = .github\workflows\nuget-beta.yml
	EndProjectSection
EndProject
Global
	GlobalSection(SolutionConfigurationPlatforms) = preSolution
		Debug|Any CPU = Debug|Any CPU
		Release|Any CPU = Release|Any CPU
	EndGlobalSection
	GlobalSection(ProjectConfigurationPlatforms) = postSolution
		{0D872F55-6D9B-4DF3-89A8-5031456F1E38}.Debug|Any CPU.ActiveCfg = Debug|Any CPU
		{0D872F55-6D9B-4DF3-89A8-5031456F1E38}.Debug|Any CPU.Build.0 = Debug|Any CPU
		{0D872F55-6D9B-4DF3-89A8-5031456F1E38}.Release|Any CPU.ActiveCfg = Release|Any CPU
		{0D872F55-6D9B-4DF3-89A8-5031456F1E38}.Release|Any CPU.Build.0 = Release|Any CPU
		{B6A2F40F-63BB-4FCD-AEA7-EFB703F1B35B}.Debug|Any CPU.ActiveCfg = Debug|Any CPU
		{B6A2F40F-63BB-4FCD-AEA7-EFB703F1B35B}.Debug|Any CPU.Build.0 = Debug|Any CPU
		{B6A2F40F-63BB-4FCD-AEA7-EFB703F1B35B}.Release|Any CPU.ActiveCfg = Release|Any CPU
		{B6A2F40F-63BB-4FCD-AEA7-EFB703F1B35B}.Release|Any CPU.Build.0 = Release|Any CPU
	EndGlobalSection
	GlobalSection(SolutionProperties) = preSolution
		HideSolutionNode = FALSE
	EndGlobalSection
	GlobalSection(ExtensibilityGlobals) = postSolution
		SolutionGuid = {20E54C83-034C-4A0C-96F5-018555621025}
	EndGlobalSection
	GlobalSection(NestedProjects) = preSolution
		{9A10F773-6017-4172-876D-44903FC9A5AD} = {A8DD4891-4B8D-4C36-99CA-48B557584C23}
	EndGlobalSection
EndGlobal
